
Microsoft Visual Studio Solution File, Format Version 12.00
# Visual Studio Version 16
VisualStudioVersion = 16.0.31205.134
MinimumVisualStudioVersion = 10.0.40219.1
Project("{8BC9CEB8-8B4A-11D0-8D11-00A0C91BC942}") = "reprise_simul2_p3", "reprise_simul2_p3\reprise_simul2_p3.vcxproj", "{C6704A49-5009-4F20-839B-C994189C9A0A}"
EndProject
Global
	GlobalSection(SolutionConfigurationPlatforms) = preSolution
		Debug|x64 = Debug|x64
		Debug|x86 = Debug|x86
		Release|x64 = Release|x64
		Release|x86 = Release|x86
	EndGlobalSection
	GlobalSection(ProjectConfigurationPlatforms) = postSolution
		{C6704A49-5009-4F20-839B-C994189C9A0A}.Debug|x64.ActiveCfg = Debug|x64
		{C6704A49-5009-4F20-839B-C994189C9A0A}.Debug|x64.Build.0 = Debug|x64
		{C6704A49-5009-4F20-839B-C994189C9A0A}.Debug|x86.ActiveCfg = Debug|Win32
		{C6704A49-5009-4F20-839B-C994189C9A0A}.Debug|x86.Build.0 = Debug|Win32
		{C6704A49-5009-4F20-839B-C994189C9A0A}.Release|x64.ActiveCfg = Release|x64
		{C6704A49-5009-4F20-839B-C994189C9A0A}.Release|x64.Build.0 = Release|x64
		{C6704A49-5009-4F20-839B-C994189C9A0A}.Release|x86.ActiveCfg = Release|Win32
		{C6704A49-5009-4F20-839B-C994189C9A0A}.Release|x86.Build.0 = Release|Win32
	EndGlobalSection
	GlobalSection(SolutionProperties) = preSolution
		HideSolutionNode = FALSE
	EndGlobalSection
	GlobalSection(ExtensibilityGlobals) = postSolution
		SolutionGuid = {595912D0-9881-430D-B94D-120BE0EF1514}
	EndGlobalSection
EndGlobal
